
Microsoft Visual Studio Solution File, Format Version 12.00
# Visual Studio Version 17
VisualStudioVersion = 17.10.34916.146
MinimumVisualStudioVersion = 10.0.40219.1
Project("{FAE04EC0-301F-11D3-BF4B-00C04F79EFBC}") = "momo_payment", "momo_payment\momo_payment.csproj", "{FA3BD121-51D8-4F49-BD76-B8BC93A194BD}"
EndProject
Global
	GlobalSection(SolutionConfigurationPlatforms) = preSolution
		Debug|Any CPU = Debug|Any CPU
		Release|Any CPU = Release|Any CPU
	EndGlobalSection
	GlobalSection(ProjectConfigurationPlatforms) = postSolution
		{FA3BD121-51D8-4F49-BD76-B8BC93A194BD}.Debug|Any CPU.ActiveCfg = Debug|Any CPU
		{FA3BD121-51D8-4F49-BD76-B8BC93A194BD}.Debug|Any CPU.Build.0 = Debug|Any CPU
		{FA3BD121-51D8-4F49-BD76-B8BC93A194BD}.Release|Any CPU.ActiveCfg = Release|Any CPU
		{FA3BD121-51D8-4F49-BD76-B8BC93A194BD}.Release|Any CPU.Build.0 = Release|Any CPU
	EndGlobalSection
	GlobalSection(SolutionProperties) = preSolution
		HideSolutionNode = FALSE
	EndGlobalSection
	GlobalSection(ExtensibilityGlobals) = postSolution
		SolutionGuid = {E1807251-42F5-49CF-8105-B3D4D479F165}
	EndGlobalSection
EndGlobal
